
Microsoft Visual Studio Solution File, Format Version 12.00
# Visual Studio 15
Project("{FAE04EC0-301F-11D3-BF4B-00C04F79EFBC}") = "Assembly-CSharp", "Assembly-CSharp.csproj", "{BDEE16A4-94DE-0911-FC07-ED332C54F050}"
EndProject
Project("{FAE04EC0-301F-11D3-BF4B-00C04F79EFBC}") = "Assembly-CSharp-firstpass", "Assembly-CSharp-firstpass.csproj", "{70B523CB-5FE0-BDF2-8D23-FCCB8D83FCCF}"
EndProject
Project("{FAE04EC0-301F-11D3-BF4B-00C04F79EFBC}") = "Assembly-CSharp-Editor-firstpass", "Assembly-CSharp-Editor-firstpass.csproj", "{1089CCA6-854A-862E-B4EF-CB9D41F69023}"
EndProject
Global
	GlobalSection(SolutionConfigurationPlatforms) = preSolution
		Debug|Any CPU = Debug|Any CPU
		Release|Any CPU = Release|Any CPU
	EndGlobalSection
	GlobalSection(ProjectConfigurationPlatforms) = postSolution
		{BDEE16A4-94DE-0911-FC07-ED332C54F050}.Debug|Any CPU.ActiveCfg = Debug|Any CPU
		{BDEE16A4-94DE-0911-FC07-ED332C54F050}.Debug|Any CPU.Build.0 = Debug|Any CPU
		{BDEE16A4-94DE-0911-FC07-ED332C54F050}.Release|Any CPU.ActiveCfg = Release|Any CPU
		{BDEE16A4-94DE-0911-FC07-ED332C54F050}.Release|Any CPU.Build.0 = Release|Any CPU
		{70B523CB-5FE0-BDF2-8D23-FCCB8D83FCCF}.Debug|Any CPU.ActiveCfg = Debug|Any CPU
		{70B523CB-5FE0-BDF2-8D23-FCCB8D83FCCF}.Debug|Any CPU.Build.0 = Debug|Any CPU
		{70B523CB-5FE0-BDF2-8D23-FCCB8D83FCCF}.Release|Any CPU.ActiveCfg = Release|Any CPU
		{70B523CB-5FE0-BDF2-8D23-FCCB8D83FCCF}.Release|Any CPU.Build.0 = Release|Any CPU
		{1089CCA6-854A-862E-B4EF-CB9D41F69023}.Debug|Any CPU.ActiveCfg = Debug|Any CPU
		{1089CCA6-854A-862E-B4EF-CB9D41F69023}.Debug|Any CPU.Build.0 = Debug|Any CPU
		{1089CCA6-854A-862E-B4EF-CB9D41F69023}.Release|Any CPU.ActiveCfg = Release|Any CPU
		{1089CCA6-854A-862E-B4EF-CB9D41F69023}.Release|Any CPU.Build.0 = Release|Any CPU
	EndGlobalSection
	GlobalSection(SolutionProperties) = preSolution
		HideSolutionNode = FALSE
	EndGlobalSection
EndGlobal
